
Microsoft Visual Studio Solution File, Format Version 12.00
# Visual Studio Version 16
VisualStudioVersion = 16.0.28531.58
MinimumVisualStudioVersion = 10.0.40219.1
Project("{FAE04EC0-301F-11D3-BF4B-00C04F79EFBC}") = "Walterlv.EqualsTest", "Walterlv.EqualsTest\Walterlv.EqualsTest.csproj", "{0E61347C-A20B-4566-BCA4-28BCA24753C7}"
EndProject
Global
	GlobalSection(SolutionConfigurationPlatforms) = preSolution
		Debug|Any CPU = Debug|Any CPU
		Release|Any CPU = Release|Any CPU
	EndGlobalSection
	GlobalSection(ProjectConfigurationPlatforms) = postSolution
		{0E61347C-A20B-4566-BCA4-28BCA24753C7}.Debug|Any CPU.ActiveCfg = Debug|Any CPU
		{0E61347C-A20B-4566-BCA4-28BCA24753C7}.Debug|Any CPU.Build.0 = Debug|Any CPU
		{0E61347C-A20B-4566-BCA4-28BCA24753C7}.Release|Any CPU.ActiveCfg = Release|Any CPU
		{0E61347C-A20B-4566-BCA4-28BCA24753C7}.Release|Any CPU.Build.0 = Release|Any CPU
	EndGlobalSection
	GlobalSection(SolutionProperties) = preSolution
		HideSolutionNode = FALSE
	EndGlobalSection
	GlobalSection(ExtensibilityGlobals) = postSolution
		SolutionGuid = {C3ADDF09-25F5-4A66-B4F7-614F9F7EF68F}
	EndGlobalSection
EndGlobal
