
Microsoft Visual Studio Solution File, Format Version 12.00
# Visual Studio Version 16
VisualStudioVersion = 16.0.28803.452
MinimumVisualStudioVersion = 10.0.40219.1
Project("{FAE04EC0-301F-11D3-BF4B-00C04F79EFBC}") = "Walterlv.InputMethodInteraction", "Walterlv.InputMethodInteraction\Walterlv.InputMethodInteraction.csproj", "{04763D42-57F3-4F58-8F19-30D8F8E047D5}"
EndProject
Global
	GlobalSection(SolutionConfigurationPlatforms) = preSolution
		Debug|Any CPU = Debug|Any CPU
		Release|Any CPU = Release|Any CPU
	EndGlobalSection
	GlobalSection(ProjectConfigurationPlatforms) = postSolution
		{04763D42-57F3-4F58-8F19-30D8F8E047D5}.Debug|Any CPU.ActiveCfg = Debug|Any CPU
		{04763D42-57F3-4F58-8F19-30D8F8E047D5}.Debug|Any CPU.Build.0 = Debug|Any CPU
		{04763D42-57F3-4F58-8F19-30D8F8E047D5}.Release|Any CPU.ActiveCfg = Release|Any CPU
		{04763D42-57F3-4F58-8F19-30D8F8E047D5}.Release|Any CPU.Build.0 = Release|Any CPU
	EndGlobalSection
	GlobalSection(SolutionProperties) = preSolution
		HideSolutionNode = FALSE
	EndGlobalSection
	GlobalSection(ExtensibilityGlobals) = postSolution
		SolutionGuid = {F4418D19-25B9-4619-85BA-8CC5E913A3C8}
	EndGlobalSection
EndGlobal
