
Microsoft Visual Studio Solution File, Format Version 12.00
# Visual Studio Version 16
VisualStudioVersion = 16.0.29409.12
MinimumVisualStudioVersion = 10.0.40219.1
Project("{FAE04EC0-301F-11D3-BF4B-00C04F79EFBC}") = "Walterlv.Demo.HighPerformanceBitmap", "Walterlv.Demo.HighPerformanceBitmap\Walterlv.Demo.HighPerformanceBitmap.csproj", "{ACBC0102-495C-4E05-B420-EA2545BB4A29}"
EndProject
Project("{FAE04EC0-301F-11D3-BF4B-00C04F79EFBC}") = "Walterlv.HighPerformanceMemory.Benchmark", "Walterlv.HighPerformanceMemory.Benchmark\Walterlv.HighPerformanceMemory.Benchmark.csproj", "{71F274FD-81F6-474B-B08D-502EFC43377F}"
EndProject
Global
	GlobalSection(SolutionConfigurationPlatforms) = preSolution
		Debug|Any CPU = Debug|Any CPU
		Release|Any CPU = Release|Any CPU
	EndGlobalSection
	GlobalSection(ProjectConfigurationPlatforms) = postSolution
		{ACBC0102-495C-4E05-B420-EA2545BB4A29}.Debug|Any CPU.ActiveCfg = Debug|Any CPU
		{ACBC0102-495C-4E05-B420-EA2545BB4A29}.Debug|Any CPU.Build.0 = Debug|Any CPU
		{ACBC0102-495C-4E05-B420-EA2545BB4A29}.Release|Any CPU.ActiveCfg = Release|Any CPU
		{ACBC0102-495C-4E05-B420-EA2545BB4A29}.Release|Any CPU.Build.0 = Release|Any CPU
		{71F274FD-81F6-474B-B08D-502EFC43377F}.Debug|Any CPU.ActiveCfg = Debug|Any CPU
		{71F274FD-81F6-474B-B08D-502EFC43377F}.Debug|Any CPU.Build.0 = Debug|Any CPU
		{71F274FD-81F6-474B-B08D-502EFC43377F}.Release|Any CPU.ActiveCfg = Release|Any CPU
		{71F274FD-81F6-474B-B08D-502EFC43377F}.Release|Any CPU.Build.0 = Release|Any CPU
	EndGlobalSection
	GlobalSection(SolutionProperties) = preSolution
		HideSolutionNode = FALSE
	EndGlobalSection
	GlobalSection(ExtensibilityGlobals) = postSolution
		SolutionGuid = {B0FFE2C7-3568-4246-9B6F-6CEB83163F6C}
	EndGlobalSection
EndGlobal
