
Microsoft Visual Studio Solution File, Format Version 12.00
# Visual Studio Version 16
VisualStudioVersion = 16.0.29123.88
MinimumVisualStudioVersion = 10.0.40219.1
Project("{FAE04EC0-301F-11D3-BF4B-00C04F79EFBC}") = "Walterlv.ML.WordGenerator", "Walterlv.ML.WordGenerator\Walterlv.ML.WordGenerator.csproj", "{FD8D9591-99C7-4F63-A121-8862F0A8E447}"
EndProject
Project("{FAE04EC0-301F-11D3-BF4B-00C04F79EFBC}") = "Walterlv.ML.ModelGenerator", "Walterlv.ML.ModelGenerator\Walterlv.ML.ModelGenerator.csproj", "{9EB5DBE1-7D2F-4C91-8571-5FB55933C5C3}"
EndProject
Project("{9A19103F-16F7-4668-BE54-9A1E7A4F7556}") = "Walterlv.ML.WordGeneratorML.Model", "Walterlv.ML.WordGeneratorML.Model\Walterlv.ML.WordGeneratorML.Model.csproj", "{3B3F3624-0499-42EB-BAAD-9D8675AC9EE1}"
EndProject
Project("{9A19103F-16F7-4668-BE54-9A1E7A4F7556}") = "Walterlv.ML.WordGeneratorML.ConsoleApp", "Walterlv.ML.WordGeneratorML.ConsoleApp\Walterlv.ML.WordGeneratorML.ConsoleApp.csproj", "{82243FE0-D03C-4143-B852-6234D1F5D608}"
EndProject
Global
	GlobalSection(SolutionConfigurationPlatforms) = preSolution
		Debug|Any CPU = Debug|Any CPU
		Release|Any CPU = Release|Any CPU
	EndGlobalSection
	GlobalSection(ProjectConfigurationPlatforms) = postSolution
		{FD8D9591-99C7-4F63-A121-8862F0A8E447}.Debug|Any CPU.ActiveCfg = Debug|Any CPU
		{FD8D9591-99C7-4F63-A121-8862F0A8E447}.Debug|Any CPU.Build.0 = Debug|Any CPU
		{FD8D9591-99C7-4F63-A121-8862F0A8E447}.Release|Any CPU.ActiveCfg = Release|Any CPU
		{FD8D9591-99C7-4F63-A121-8862F0A8E447}.Release|Any CPU.Build.0 = Release|Any CPU
		{9EB5DBE1-7D2F-4C91-8571-5FB55933C5C3}.Debug|Any CPU.ActiveCfg = Debug|Any CPU
		{9EB5DBE1-7D2F-4C91-8571-5FB55933C5C3}.Debug|Any CPU.Build.0 = Debug|Any CPU
		{9EB5DBE1-7D2F-4C91-8571-5FB55933C5C3}.Release|Any CPU.ActiveCfg = Release|Any CPU
		{9EB5DBE1-7D2F-4C91-8571-5FB55933C5C3}.Release|Any CPU.Build.0 = Release|Any CPU
		{3B3F3624-0499-42EB-BAAD-9D8675AC9EE1}.Debug|Any CPU.ActiveCfg = Debug|Any CPU
		{3B3F3624-0499-42EB-BAAD-9D8675AC9EE1}.Debug|Any CPU.Build.0 = Debug|Any CPU
		{3B3F3624-0499-42EB-BAAD-9D8675AC9EE1}.Release|Any CPU.ActiveCfg = Release|Any CPU
		{3B3F3624-0499-42EB-BAAD-9D8675AC9EE1}.Release|Any CPU.Build.0 = Release|Any CPU
		{82243FE0-D03C-4143-B852-6234D1F5D608}.Debug|Any CPU.ActiveCfg = Debug|Any CPU
		{82243FE0-D03C-4143-B852-6234D1F5D608}.Debug|Any CPU.Build.0 = Debug|Any CPU
		{82243FE0-D03C-4143-B852-6234D1F5D608}.Release|Any CPU.ActiveCfg = Release|Any CPU
		{82243FE0-D03C-4143-B852-6234D1F5D608}.Release|Any CPU.Build.0 = Release|Any CPU
	EndGlobalSection
	GlobalSection(SolutionProperties) = preSolution
		HideSolutionNode = FALSE
	EndGlobalSection
	GlobalSection(ExtensibilityGlobals) = postSolution
		SolutionGuid = {28CE01DD-FB3B-4B32-88A2-006FA7827D05}
	EndGlobalSection
EndGlobal
