
Microsoft Visual Studio Solution File, Format Version 12.00
# Visual Studio Version 16
VisualStudioVersion = 16.0.28922.388
MinimumVisualStudioVersion = 10.0.40219.1
Project("{FAE04EC0-301F-11D3-BF4B-00C04F79EFBC}") = "Walterlv.UwpProxyFix", "Walterlv.UwpProxyFix\Walterlv.UwpProxyFix.csproj", "{2569E072-1404-4390-A6C0-8B12138ADA1E}"
EndProject
Global
	GlobalSection(SolutionConfigurationPlatforms) = preSolution
		Debug|Any CPU = Debug|Any CPU
		Release|Any CPU = Release|Any CPU
	EndGlobalSection
	GlobalSection(ProjectConfigurationPlatforms) = postSolution
		{2569E072-1404-4390-A6C0-8B12138ADA1E}.Debug|Any CPU.ActiveCfg = Debug|Any CPU
		{2569E072-1404-4390-A6C0-8B12138ADA1E}.Debug|Any CPU.Build.0 = Debug|Any CPU
		{2569E072-1404-4390-A6C0-8B12138ADA1E}.Release|Any CPU.ActiveCfg = Release|Any CPU
		{2569E072-1404-4390-A6C0-8B12138ADA1E}.Release|Any CPU.Build.0 = Release|Any CPU
	EndGlobalSection
	GlobalSection(SolutionProperties) = preSolution
		HideSolutionNode = FALSE
	EndGlobalSection
	GlobalSection(ExtensibilityGlobals) = postSolution
		SolutionGuid = {C67F03C6-23E0-4B9B-96BE-C91B31DFFCC5}
	EndGlobalSection
EndGlobal
