
Microsoft Visual Studio Solution File, Format Version 12.00
# Visual Studio 15
VisualStudioVersion = 15.0.28307.136
MinimumVisualStudioVersion = 10.0.40219.1
Project("{FAE04EC0-301F-11D3-BF4B-00C04F79EFBC}") = "EventCoding", "src\EventCoding\EventCoding.csproj", "{131725D9-03B5-480C-BCC2-D76A13700839}"
EndProject
Project("{2150E333-8FDC-42A3-9474-1A3956D46DE8}") = "src", "src", "{8BC0EFBC-B16E-4D8C-8047-944B896C7CAE}"
EndProject
Project("{2150E333-8FDC-42A3-9474-1A3956D46DE8}") = "Solution Items", "Solution Items", "{29578E22-7C91-4CD7-8778-9BA8109D23F0}"
	ProjectSection(SolutionItems) = preProject
		.gitattributes = .gitattributes
		.gitignore = .gitignore
		README.md = README.md
	EndProjectSection
EndProject
Global
	GlobalSection(SolutionConfigurationPlatforms) = preSolution
		Debug|Any CPU = Debug|Any CPU
		Release|Any CPU = Release|Any CPU
	EndGlobalSection
	GlobalSection(ProjectConfigurationPlatforms) = postSolution
		{131725D9-03B5-480C-BCC2-D76A13700839}.Debug|Any CPU.ActiveCfg = Debug|Any CPU
		{131725D9-03B5-480C-BCC2-D76A13700839}.Debug|Any CPU.Build.0 = Debug|Any CPU
		{131725D9-03B5-480C-BCC2-D76A13700839}.Release|Any CPU.ActiveCfg = Release|Any CPU
		{131725D9-03B5-480C-BCC2-D76A13700839}.Release|Any CPU.Build.0 = Release|Any CPU
	EndGlobalSection
	GlobalSection(SolutionProperties) = preSolution
		HideSolutionNode = FALSE
	EndGlobalSection
	GlobalSection(NestedProjects) = preSolution
		{131725D9-03B5-480C-BCC2-D76A13700839} = {8BC0EFBC-B16E-4D8C-8047-944B896C7CAE}
	EndGlobalSection
	GlobalSection(ExtensibilityGlobals) = postSolution
		SolutionGuid = {235448BF-F498-4818-8A17-7A94C79AC9DE}
	EndGlobalSection
EndGlobal
