
Microsoft Visual Studio Solution File, Format Version 12.00
# Visual Studio 15
VisualStudioVersion = 15.0.28307.271
MinimumVisualStudioVersion = 10.0.40219.1
Project("{FAE04EC0-301F-11D3-BF4B-00C04F79EFBC}") = "Walterlv.Demo.Roslyn", "Walterlv.Demo.Roslyn\Walterlv.Demo.Roslyn.csproj", "{BDBD2FBC-5E14-4DF0-9EE3-3A30D28DC444}"
EndProject
Global
	GlobalSection(SolutionConfigurationPlatforms) = preSolution
		Debug|Any CPU = Debug|Any CPU
		Release|Any CPU = Release|Any CPU
	EndGlobalSection
	GlobalSection(ProjectConfigurationPlatforms) = postSolution
		{BDBD2FBC-5E14-4DF0-9EE3-3A30D28DC444}.Debug|Any CPU.ActiveCfg = Debug|Any CPU
		{BDBD2FBC-5E14-4DF0-9EE3-3A30D28DC444}.Debug|Any CPU.Build.0 = Debug|Any CPU
		{BDBD2FBC-5E14-4DF0-9EE3-3A30D28DC444}.Release|Any CPU.ActiveCfg = Release|Any CPU
		{BDBD2FBC-5E14-4DF0-9EE3-3A30D28DC444}.Release|Any CPU.Build.0 = Release|Any CPU
	EndGlobalSection
	GlobalSection(SolutionProperties) = preSolution
		HideSolutionNode = FALSE
	EndGlobalSection
	GlobalSection(ExtensibilityGlobals) = postSolution
		SolutionGuid = {DA28648B-F8D6-4965-8C29-8992FA9BC489}
	EndGlobalSection
EndGlobal
