
Microsoft Visual Studio Solution File, Format Version 12.00
# Visual Studio 15
VisualStudioVersion = 15.0.27703.2042
MinimumVisualStudioVersion = 10.0.40219.1
Project("{FAE04EC0-301F-11D3-BF4B-00C04F79EFBC}") = "Walterlv.PackageDemo.A", "Walterlv.PackageDemo.A\Walterlv.PackageDemo.A.csproj", "{0B53B1BD-0524-4F2D-8050-2F8C2FE28646}"
EndProject
Global
	GlobalSection(SolutionConfigurationPlatforms) = preSolution
		Debug|Any CPU = Debug|Any CPU
		Release|Any CPU = Release|Any CPU
	EndGlobalSection
	GlobalSection(ProjectConfigurationPlatforms) = postSolution
		{0B53B1BD-0524-4F2D-8050-2F8C2FE28646}.Debug|Any CPU.ActiveCfg = Debug|Any CPU
		{0B53B1BD-0524-4F2D-8050-2F8C2FE28646}.Debug|Any CPU.Build.0 = Debug|Any CPU
		{0B53B1BD-0524-4F2D-8050-2F8C2FE28646}.Release|Any CPU.ActiveCfg = Release|Any CPU
		{0B53B1BD-0524-4F2D-8050-2F8C2FE28646}.Release|Any CPU.Build.0 = Release|Any CPU
	EndGlobalSection
	GlobalSection(SolutionProperties) = preSolution
		HideSolutionNode = FALSE
	EndGlobalSection
	GlobalSection(ExtensibilityGlobals) = postSolution
		SolutionGuid = {0FEA9E5B-0F50-4ED7-87C3-595C4F5618F4}
	EndGlobalSection
EndGlobal
