
Microsoft Visual Studio Solution File, Format Version 12.00
# Visual Studio 15
VisualStudioVersion = 15.0.28010.2026
MinimumVisualStudioVersion = 10.0.40219.1
Project("{FAE04EC0-301F-11D3-BF4B-00C04F79EFBC}") = "Walterlv.Demo.Patterns", "Walterlv.Demo.Patterns\Walterlv.Demo.Patterns.csproj", "{6995D15D-BBD4-4B02-9321-3AD98E14883E}"
EndProject
Global
	GlobalSection(SolutionConfigurationPlatforms) = preSolution
		Debug|Any CPU = Debug|Any CPU
		Release|Any CPU = Release|Any CPU
	EndGlobalSection
	GlobalSection(ProjectConfigurationPlatforms) = postSolution
		{6995D15D-BBD4-4B02-9321-3AD98E14883E}.Debug|Any CPU.ActiveCfg = Debug|Any CPU
		{6995D15D-BBD4-4B02-9321-3AD98E14883E}.Debug|Any CPU.Build.0 = Debug|Any CPU
		{6995D15D-BBD4-4B02-9321-3AD98E14883E}.Release|Any CPU.ActiveCfg = Release|Any CPU
		{6995D15D-BBD4-4B02-9321-3AD98E14883E}.Release|Any CPU.Build.0 = Release|Any CPU
	EndGlobalSection
	GlobalSection(SolutionProperties) = preSolution
		HideSolutionNode = FALSE
	EndGlobalSection
	GlobalSection(ExtensibilityGlobals) = postSolution
		SolutionGuid = {4C6DC839-8535-4A5B-A4E7-D23CD7F56A85}
	EndGlobalSection
EndGlobal
