
Microsoft Visual Studio Solution File, Format Version 12.00
# Visual Studio Version 16
VisualStudioVersion = 16.0.29009.5
MinimumVisualStudioVersion = 10.0.40219.1
Project("{FAE04EC0-301F-11D3-BF4B-00C04F79EFBC}") = "Walterlv.Demo.CatchWhenCrash", "Walterlv.Demo.CatchWhenCrash\Walterlv.Demo.CatchWhenCrash.csproj", "{5F377CD5-8925-4D39-B696-38C27F2BF7B2}"
EndProject
Global
	GlobalSection(SolutionConfigurationPlatforms) = preSolution
		Debug|Any CPU = Debug|Any CPU
		Release|Any CPU = Release|Any CPU
	EndGlobalSection
	GlobalSection(ProjectConfigurationPlatforms) = postSolution
		{5F377CD5-8925-4D39-B696-38C27F2BF7B2}.Debug|Any CPU.ActiveCfg = Debug|Any CPU
		{5F377CD5-8925-4D39-B696-38C27F2BF7B2}.Debug|Any CPU.Build.0 = Debug|Any CPU
		{5F377CD5-8925-4D39-B696-38C27F2BF7B2}.Release|Any CPU.ActiveCfg = Release|Any CPU
		{5F377CD5-8925-4D39-B696-38C27F2BF7B2}.Release|Any CPU.Build.0 = Release|Any CPU
	EndGlobalSection
	GlobalSection(SolutionProperties) = preSolution
		HideSolutionNode = FALSE
	EndGlobalSection
	GlobalSection(ExtensibilityGlobals) = postSolution
		SolutionGuid = {FA62A29A-E27E-4B2E-9912-E8823A77BDAD}
	EndGlobalSection
EndGlobal
