
Microsoft Visual Studio Solution File, Format Version 12.00
# Visual Studio Version 16
VisualStudioVersion = 16.0.28705.295
MinimumVisualStudioVersion = 10.0.40219.1
Project("{FAE04EC0-301F-11D3-BF4B-00C04F79EFBC}") = "Walterlv.Foo", "Walterlv.Foo\Walterlv.Foo.csproj", "{A0D9E706-E2B9-4DCC-936E-DAA21DFBA495}"
EndProject
Global
	GlobalSection(SolutionConfigurationPlatforms) = preSolution
		Debug|Any CPU = Debug|Any CPU
		Release|Any CPU = Release|Any CPU
	EndGlobalSection
	GlobalSection(ProjectConfigurationPlatforms) = postSolution
		{A0D9E706-E2B9-4DCC-936E-DAA21DFBA495}.Debug|Any CPU.ActiveCfg = Debug|Any CPU
		{A0D9E706-E2B9-4DCC-936E-DAA21DFBA495}.Debug|Any CPU.Build.0 = Debug|Any CPU
		{A0D9E706-E2B9-4DCC-936E-DAA21DFBA495}.Release|Any CPU.ActiveCfg = Release|Any CPU
		{A0D9E706-E2B9-4DCC-936E-DAA21DFBA495}.Release|Any CPU.Build.0 = Release|Any CPU
	EndGlobalSection
	GlobalSection(SolutionProperties) = preSolution
		HideSolutionNode = FALSE
	EndGlobalSection
	GlobalSection(ExtensibilityGlobals) = postSolution
		SolutionGuid = {C0092D01-C361-4484-A9B9-CA16FCE68EB6}
	EndGlobalSection
EndGlobal
