
Microsoft Visual Studio Solution File, Format Version 12.00
# Visual Studio 15
VisualStudioVersion = 15.0.28010.2026
MinimumVisualStudioVersion = 10.0.40219.1
Project("{FAE04EC0-301F-11D3-BF4B-00C04F79EFBC}") = "Walterlv.Demo.RoutedEvents", "Walterlv.Demo.RoutedEvents\Walterlv.Demo.RoutedEvents.csproj", "{7299232E-04AE-48BA-85E4-B1C761380A07}"
EndProject
Global
	GlobalSection(SolutionConfigurationPlatforms) = preSolution
		Debug|Any CPU = Debug|Any CPU
		Release|Any CPU = Release|Any CPU
	EndGlobalSection
	GlobalSection(ProjectConfigurationPlatforms) = postSolution
		{7299232E-04AE-48BA-85E4-B1C761380A07}.Debug|Any CPU.ActiveCfg = Debug|Any CPU
		{7299232E-04AE-48BA-85E4-B1C761380A07}.Debug|Any CPU.Build.0 = Debug|Any CPU
		{7299232E-04AE-48BA-85E4-B1C761380A07}.Release|Any CPU.ActiveCfg = Release|Any CPU
		{7299232E-04AE-48BA-85E4-B1C761380A07}.Release|Any CPU.Build.0 = Release|Any CPU
	EndGlobalSection
	GlobalSection(SolutionProperties) = preSolution
		HideSolutionNode = FALSE
	EndGlobalSection
	GlobalSection(ExtensibilityGlobals) = postSolution
		SolutionGuid = {89B9DAC3-0BC6-4174-9140-02974A3920CB}
	EndGlobalSection
EndGlobal
