
Microsoft Visual Studio Solution File, Format Version 12.00
# Visual Studio Version 16
VisualStudioVersion = 16.0.29519.181
MinimumVisualStudioVersion = 10.0.40219.1
Project("{FAE04EC0-301F-11D3-BF4B-00C04F79EFBC}") = "Walterlv.Demo.MemoryMappedFile", "Walterlv.Demo.MemoryMappedFile\Walterlv.Demo.MemoryMappedFile.csproj", "{1E3C79E3-9E48-4020-B402-8548547A9E5F}"
EndProject
Global
	GlobalSection(SolutionConfigurationPlatforms) = preSolution
		Debug|Any CPU = Debug|Any CPU
		Release|Any CPU = Release|Any CPU
	EndGlobalSection
	GlobalSection(ProjectConfigurationPlatforms) = postSolution
		{1E3C79E3-9E48-4020-B402-8548547A9E5F}.Debug|Any CPU.ActiveCfg = Debug|Any CPU
		{1E3C79E3-9E48-4020-B402-8548547A9E5F}.Debug|Any CPU.Build.0 = Debug|Any CPU
		{1E3C79E3-9E48-4020-B402-8548547A9E5F}.Release|Any CPU.ActiveCfg = Release|Any CPU
		{1E3C79E3-9E48-4020-B402-8548547A9E5F}.Release|Any CPU.Build.0 = Release|Any CPU
	EndGlobalSection
	GlobalSection(SolutionProperties) = preSolution
		HideSolutionNode = FALSE
	EndGlobalSection
	GlobalSection(ExtensibilityGlobals) = postSolution
		SolutionGuid = {8AB603E6-2F35-466C-AB2C-B5F64090B18E}
	EndGlobalSection
EndGlobal
