
Microsoft Visual Studio Solution File, Format Version 12.00
# Visual Studio Version 16
VisualStudioVersion = 16.0.29215.179
MinimumVisualStudioVersion = 10.0.40219.1
Project("{FAE04EC0-301F-11D3-BF4B-00C04F79EFBC}") = "Walterlv.Exceptions.CloseWindow", "Walterlv.Exceptions.CloseWindow\Walterlv.Exceptions.CloseWindow.csproj", "{CEDE7595-3136-48AF-ACE4-A6696B3CBB14}"
EndProject
Global
	GlobalSection(SolutionConfigurationPlatforms) = preSolution
		Debug|Any CPU = Debug|Any CPU
		Release|Any CPU = Release|Any CPU
	EndGlobalSection
	GlobalSection(ProjectConfigurationPlatforms) = postSolution
		{CEDE7595-3136-48AF-ACE4-A6696B3CBB14}.Debug|Any CPU.ActiveCfg = Debug|Any CPU
		{CEDE7595-3136-48AF-ACE4-A6696B3CBB14}.Debug|Any CPU.Build.0 = Debug|Any CPU
		{CEDE7595-3136-48AF-ACE4-A6696B3CBB14}.Release|Any CPU.ActiveCfg = Release|Any CPU
		{CEDE7595-3136-48AF-ACE4-A6696B3CBB14}.Release|Any CPU.Build.0 = Release|Any CPU
	EndGlobalSection
	GlobalSection(SolutionProperties) = preSolution
		HideSolutionNode = FALSE
	EndGlobalSection
	GlobalSection(ExtensibilityGlobals) = postSolution
		SolutionGuid = {E7FA9006-DEC4-4435-A493-97F66FEAB73F}
	EndGlobalSection
EndGlobal
