
Microsoft Visual Studio Solution File, Format Version 12.00
# Visual Studio Version 16
VisualStudioVersion = 16.0.28803.352
MinimumVisualStudioVersion = 10.0.40219.1
Project("{FAE04EC0-301F-11D3-BF4B-00C04F79EFBC}") = "XamlBugs.StaticProperties", "XamlBugs.StaticProperties\XamlBugs.StaticProperties.csproj", "{1F430D0E-3E28-4694-A052-B2D13555E08A}"
EndProject
Global
	GlobalSection(SolutionConfigurationPlatforms) = preSolution
		Debug|Any CPU = Debug|Any CPU
		Release|Any CPU = Release|Any CPU
	EndGlobalSection
	GlobalSection(ProjectConfigurationPlatforms) = postSolution
		{1F430D0E-3E28-4694-A052-B2D13555E08A}.Debug|Any CPU.ActiveCfg = Debug|Any CPU
		{1F430D0E-3E28-4694-A052-B2D13555E08A}.Debug|Any CPU.Build.0 = Debug|Any CPU
		{1F430D0E-3E28-4694-A052-B2D13555E08A}.Release|Any CPU.ActiveCfg = Release|Any CPU
		{1F430D0E-3E28-4694-A052-B2D13555E08A}.Release|Any CPU.Build.0 = Release|Any CPU
	EndGlobalSection
	GlobalSection(SolutionProperties) = preSolution
		HideSolutionNode = FALSE
	EndGlobalSection
	GlobalSection(ExtensibilityGlobals) = postSolution
		SolutionGuid = {F8ECAB0A-7F80-4F8F-8249-4BC305803AA9}
	EndGlobalSection
EndGlobal
