
Microsoft Visual Studio Solution File, Format Version 12.00
# Visual Studio 15
VisualStudioVersion = 15.0.26124.0
MinimumVisualStudioVersion = 15.0.26124.0
Project("{FAE04EC0-301F-11D3-BF4B-00C04F79EFBC}") = "Walterlv.Demo", "Walterlv.Demo\Walterlv.Demo.csproj", "{BCE42F50-4A67-4081-AFD6-31E6F900AEC0}"
EndProject
Project("{FAE04EC0-301F-11D3-BF4B-00C04F79EFBC}") = "Walterlv.Library", "Walterlv.Library\Walterlv.Library.csproj", "{D4771A5A-79D2-4F38-A9F4-100981300FB7}"
EndProject
Global
	GlobalSection(SolutionConfigurationPlatforms) = preSolution
		Debug|Any CPU = Debug|Any CPU
		Debug|x64 = Debug|x64
		Debug|x86 = Debug|x86
		Release|Any CPU = Release|Any CPU
		Release|x64 = Release|x64
		Release|x86 = Release|x86
	EndGlobalSection
	GlobalSection(SolutionProperties) = preSolution
		HideSolutionNode = FALSE
	EndGlobalSection
	GlobalSection(ProjectConfigurationPlatforms) = postSolution
		{BCE42F50-4A67-4081-AFD6-31E6F900AEC0}.Debug|Any CPU.ActiveCfg = Debug|Any CPU
		{BCE42F50-4A67-4081-AFD6-31E6F900AEC0}.Debug|Any CPU.Build.0 = Debug|Any CPU
		{BCE42F50-4A67-4081-AFD6-31E6F900AEC0}.Debug|x64.ActiveCfg = Debug|Any CPU
		{BCE42F50-4A67-4081-AFD6-31E6F900AEC0}.Debug|x64.Build.0 = Debug|Any CPU
		{BCE42F50-4A67-4081-AFD6-31E6F900AEC0}.Debug|x86.ActiveCfg = Debug|Any CPU
		{BCE42F50-4A67-4081-AFD6-31E6F900AEC0}.Debug|x86.Build.0 = Debug|Any CPU
		{BCE42F50-4A67-4081-AFD6-31E6F900AEC0}.Release|Any CPU.ActiveCfg = Release|Any CPU
		{BCE42F50-4A67-4081-AFD6-31E6F900AEC0}.Release|Any CPU.Build.0 = Release|Any CPU
		{BCE42F50-4A67-4081-AFD6-31E6F900AEC0}.Release|x64.ActiveCfg = Release|Any CPU
		{BCE42F50-4A67-4081-AFD6-31E6F900AEC0}.Release|x64.Build.0 = Release|Any CPU
		{BCE42F50-4A67-4081-AFD6-31E6F900AEC0}.Release|x86.ActiveCfg = Release|Any CPU
		{BCE42F50-4A67-4081-AFD6-31E6F900AEC0}.Release|x86.Build.0 = Release|Any CPU
		{D4771A5A-79D2-4F38-A9F4-100981300FB7}.Debug|Any CPU.ActiveCfg = Debug|Any CPU
		{D4771A5A-79D2-4F38-A9F4-100981300FB7}.Debug|Any CPU.Build.0 = Debug|Any CPU
		{D4771A5A-79D2-4F38-A9F4-100981300FB7}.Debug|x64.ActiveCfg = Debug|Any CPU
		{D4771A5A-79D2-4F38-A9F4-100981300FB7}.Debug|x64.Build.0 = Debug|Any CPU
		{D4771A5A-79D2-4F38-A9F4-100981300FB7}.Debug|x86.ActiveCfg = Debug|Any CPU
		{D4771A5A-79D2-4F38-A9F4-100981300FB7}.Debug|x86.Build.0 = Debug|Any CPU
		{D4771A5A-79D2-4F38-A9F4-100981300FB7}.Release|Any CPU.ActiveCfg = Release|Any CPU
		{D4771A5A-79D2-4F38-A9F4-100981300FB7}.Release|Any CPU.Build.0 = Release|Any CPU
		{D4771A5A-79D2-4F38-A9F4-100981300FB7}.Release|x64.ActiveCfg = Release|Any CPU
		{D4771A5A-79D2-4F38-A9F4-100981300FB7}.Release|x64.Build.0 = Release|Any CPU
		{D4771A5A-79D2-4F38-A9F4-100981300FB7}.Release|x86.ActiveCfg = Release|Any CPU
		{D4771A5A-79D2-4F38-A9F4-100981300FB7}.Release|x86.Build.0 = Release|Any CPU
	EndGlobalSection
EndGlobal
