
Microsoft Visual Studio Solution File, Format Version 12.00
# Visual Studio Version 16
VisualStudioVersion = 16.0.28917.181
MinimumVisualStudioVersion = 10.0.40219.1
Project("{FAE04EC0-301F-11D3-BF4B-00C04F79EFBC}") = "Walterlv.Demo.Weak", "Walterlv.Demo.Weak\Walterlv.Demo.Weak.csproj", "{2333467C-FBEA-48F2-BF60-5A6A817B3B47}"
EndProject
Global
	GlobalSection(SolutionConfigurationPlatforms) = preSolution
		Debug|Any CPU = Debug|Any CPU
		Release|Any CPU = Release|Any CPU
	EndGlobalSection
	GlobalSection(ProjectConfigurationPlatforms) = postSolution
		{2333467C-FBEA-48F2-BF60-5A6A817B3B47}.Debug|Any CPU.ActiveCfg = Debug|Any CPU
		{2333467C-FBEA-48F2-BF60-5A6A817B3B47}.Debug|Any CPU.Build.0 = Debug|Any CPU
		{2333467C-FBEA-48F2-BF60-5A6A817B3B47}.Release|Any CPU.ActiveCfg = Release|Any CPU
		{2333467C-FBEA-48F2-BF60-5A6A817B3B47}.Release|Any CPU.Build.0 = Release|Any CPU
	EndGlobalSection
	GlobalSection(SolutionProperties) = preSolution
		HideSolutionNode = FALSE
	EndGlobalSection
	GlobalSection(ExtensibilityGlobals) = postSolution
		SolutionGuid = {19F1DDBF-34FA-4270-8816-5F9ADDEB6B3B}
	EndGlobalSection
EndGlobal
