
Microsoft Visual Studio Solution File, Format Version 12.00
# Visual Studio 15
VisualStudioVersion = 15.0.27428.2037
MinimumVisualStudioVersion = 10.0.40219.1
Project("{FAE04EC0-301F-11D3-BF4B-00C04F79EFBC}") = "EmitDemo", "EmitDemo\EmitDemo.csproj", "{9CE1B3B2-AE84-4D13-AEC7-CD13E8A2F157}"
EndProject
Global
	GlobalSection(SolutionConfigurationPlatforms) = preSolution
		Debug|Any CPU = Debug|Any CPU
		Release|Any CPU = Release|Any CPU
	EndGlobalSection
	GlobalSection(ProjectConfigurationPlatforms) = postSolution
		{9CE1B3B2-AE84-4D13-AEC7-CD13E8A2F157}.Debug|Any CPU.ActiveCfg = Debug|Any CPU
		{9CE1B3B2-AE84-4D13-AEC7-CD13E8A2F157}.Debug|Any CPU.Build.0 = Debug|Any CPU
		{9CE1B3B2-AE84-4D13-AEC7-CD13E8A2F157}.Release|Any CPU.ActiveCfg = Release|Any CPU
		{9CE1B3B2-AE84-4D13-AEC7-CD13E8A2F157}.Release|Any CPU.Build.0 = Release|Any CPU
	EndGlobalSection
	GlobalSection(SolutionProperties) = preSolution
		HideSolutionNode = FALSE
	EndGlobalSection
	GlobalSection(ExtensibilityGlobals) = postSolution
		SolutionGuid = {6F69F0E7-13A1-4B64-B424-87FB7D2EE4A8}
	EndGlobalSection
EndGlobal
