
Microsoft Visual Studio Solution File, Format Version 12.00
# Visual Studio Version 16
VisualStudioVersion = 16.0.28922.388
MinimumVisualStudioVersion = 10.0.40219.1
Project("{FAE04EC0-301F-11D3-BF4B-00C04F79EFBC}") = "Walterlv.Demo.StringGC", "Walterlv.Demo.StringGC\Walterlv.Demo.StringGC.csproj", "{36E62DF4-73FD-4578-978F-D910EF093FF9}"
EndProject
Global
	GlobalSection(SolutionConfigurationPlatforms) = preSolution
		Debug|Any CPU = Debug|Any CPU
		Release|Any CPU = Release|Any CPU
	EndGlobalSection
	GlobalSection(ProjectConfigurationPlatforms) = postSolution
		{36E62DF4-73FD-4578-978F-D910EF093FF9}.Debug|Any CPU.ActiveCfg = Debug|Any CPU
		{36E62DF4-73FD-4578-978F-D910EF093FF9}.Debug|Any CPU.Build.0 = Debug|Any CPU
		{36E62DF4-73FD-4578-978F-D910EF093FF9}.Release|Any CPU.ActiveCfg = Release|Any CPU
		{36E62DF4-73FD-4578-978F-D910EF093FF9}.Release|Any CPU.Build.0 = Release|Any CPU
	EndGlobalSection
	GlobalSection(SolutionProperties) = preSolution
		HideSolutionNode = FALSE
	EndGlobalSection
	GlobalSection(ExtensibilityGlobals) = postSolution
		SolutionGuid = {611D3284-68B2-48CD-8C3B-BE76C155C1C7}
	EndGlobalSection
EndGlobal
