
Microsoft Visual Studio Solution File, Format Version 12.00
# Visual Studio Version 16
VisualStudioVersion = 16.0.28803.452
MinimumVisualStudioVersion = 10.0.40219.1
Project("{FAE04EC0-301F-11D3-BF4B-00C04F79EFBC}") = "Walterlv.Demo.DesktopDocking", "Walterlv.Demo.DesktopDocking\Walterlv.Demo.DesktopDocking.csproj", "{81389430-4FC6-471E-B63F-1B7EEF2E4E25}"
EndProject
Global
	GlobalSection(SolutionConfigurationPlatforms) = preSolution
		Debug|Any CPU = Debug|Any CPU
		Release|Any CPU = Release|Any CPU
	EndGlobalSection
	GlobalSection(ProjectConfigurationPlatforms) = postSolution
		{81389430-4FC6-471E-B63F-1B7EEF2E4E25}.Debug|Any CPU.ActiveCfg = Debug|Any CPU
		{81389430-4FC6-471E-B63F-1B7EEF2E4E25}.Debug|Any CPU.Build.0 = Debug|Any CPU
		{81389430-4FC6-471E-B63F-1B7EEF2E4E25}.Release|Any CPU.ActiveCfg = Release|Any CPU
		{81389430-4FC6-471E-B63F-1B7EEF2E4E25}.Release|Any CPU.Build.0 = Release|Any CPU
	EndGlobalSection
	GlobalSection(SolutionProperties) = preSolution
		HideSolutionNode = FALSE
	EndGlobalSection
	GlobalSection(ExtensibilityGlobals) = postSolution
		SolutionGuid = {7051AC93-4A23-4997-8792-8559DAF724C9}
	EndGlobalSection
EndGlobal
