
Microsoft Visual Studio Solution File, Format Version 12.00
# Visual Studio Version 16
VisualStudioVersion = 16.0.28803.202
MinimumVisualStudioVersion = 10.0.40219.1
Project("{FAE04EC0-301F-11D3-BF4B-00C04F79EFBC}") = "Walterlv.RevealEffects.Win32Exception", "Walterlv.RevealEffects.Win32Exception\Walterlv.RevealEffects.Win32Exception.csproj", "{597D25D9-1218-4045-BEC1-53B652BB25F3}"
EndProject
Global
	GlobalSection(SolutionConfigurationPlatforms) = preSolution
		Debug|Any CPU = Debug|Any CPU
		Release|Any CPU = Release|Any CPU
	EndGlobalSection
	GlobalSection(ProjectConfigurationPlatforms) = postSolution
		{597D25D9-1218-4045-BEC1-53B652BB25F3}.Debug|Any CPU.ActiveCfg = Debug|Any CPU
		{597D25D9-1218-4045-BEC1-53B652BB25F3}.Debug|Any CPU.Build.0 = Debug|Any CPU
		{597D25D9-1218-4045-BEC1-53B652BB25F3}.Release|Any CPU.ActiveCfg = Release|Any CPU
		{597D25D9-1218-4045-BEC1-53B652BB25F3}.Release|Any CPU.Build.0 = Release|Any CPU
	EndGlobalSection
	GlobalSection(SolutionProperties) = preSolution
		HideSolutionNode = FALSE
	EndGlobalSection
	GlobalSection(ExtensibilityGlobals) = postSolution
		SolutionGuid = {DF806306-51B8-4EC9-B95B-7F9DEE1534B3}
	EndGlobalSection
EndGlobal
