
Microsoft Visual Studio Solution File, Format Version 12.00
# Visual Studio Version 16
VisualStudioVersion = 16.0.28606.126
MinimumVisualStudioVersion = 10.0.40219.1
Project("{FAE04EC0-301F-11D3-BF4B-00C04F79EFBC}") = "Walterlv.Demo.WindowsTasks", "Walterlv.Demo.WindowsTasks\Walterlv.Demo.WindowsTasks.csproj", "{8CD79C65-EA2C-46A3-BD97-D8E4DDDE1933}"
EndProject
Global
	GlobalSection(SolutionConfigurationPlatforms) = preSolution
		Debug|Any CPU = Debug|Any CPU
		Release|Any CPU = Release|Any CPU
	EndGlobalSection
	GlobalSection(ProjectConfigurationPlatforms) = postSolution
		{8CD79C65-EA2C-46A3-BD97-D8E4DDDE1933}.Debug|Any CPU.ActiveCfg = Debug|Any CPU
		{8CD79C65-EA2C-46A3-BD97-D8E4DDDE1933}.Debug|Any CPU.Build.0 = Debug|Any CPU
		{8CD79C65-EA2C-46A3-BD97-D8E4DDDE1933}.Release|Any CPU.ActiveCfg = Release|Any CPU
		{8CD79C65-EA2C-46A3-BD97-D8E4DDDE1933}.Release|Any CPU.Build.0 = Release|Any CPU
	EndGlobalSection
	GlobalSection(SolutionProperties) = preSolution
		HideSolutionNode = FALSE
	EndGlobalSection
	GlobalSection(ExtensibilityGlobals) = postSolution
		SolutionGuid = {7D27D92D-2690-4E27-9ED6-FBCCAFD75BDD}
	EndGlobalSection
EndGlobal
