
Microsoft Visual Studio Solution File, Format Version 12.00
# Visual Studio Version 16
VisualStudioVersion = 16.0.29001.49
MinimumVisualStudioVersion = 10.0.40219.1
Project("{FAE04EC0-301F-11D3-BF4B-00C04F79EFBC}") = "Walterlv.Demo.AssemblyLoading", "Walterlv.Demo.AssemblyLoading\Walterlv.Demo.AssemblyLoading.csproj", "{11E1CC58-C719-46ED-804F-8A4B59D01A24}"
EndProject
Global
	GlobalSection(SolutionConfigurationPlatforms) = preSolution
		Debug|Any CPU = Debug|Any CPU
		Release|Any CPU = Release|Any CPU
	EndGlobalSection
	GlobalSection(ProjectConfigurationPlatforms) = postSolution
		{11E1CC58-C719-46ED-804F-8A4B59D01A24}.Debug|Any CPU.ActiveCfg = Debug|Any CPU
		{11E1CC58-C719-46ED-804F-8A4B59D01A24}.Debug|Any CPU.Build.0 = Debug|Any CPU
		{11E1CC58-C719-46ED-804F-8A4B59D01A24}.Release|Any CPU.ActiveCfg = Release|Any CPU
		{11E1CC58-C719-46ED-804F-8A4B59D01A24}.Release|Any CPU.Build.0 = Release|Any CPU
	EndGlobalSection
	GlobalSection(SolutionProperties) = preSolution
		HideSolutionNode = FALSE
	EndGlobalSection
	GlobalSection(ExtensibilityGlobals) = postSolution
		SolutionGuid = {ED81C752-2E85-418C-81AA-B47EED83A326}
	EndGlobalSection
EndGlobal
