
Microsoft Visual Studio Solution File, Format Version 12.00
# Visual Studio Version 16
VisualStudioVersion = 16.0.29326.143
MinimumVisualStudioVersion = 10.0.40219.1
Project("{FAE04EC0-301F-11D3-BF4B-00C04F79EFBC}") = "Walterlv.WindowDetector", "Walterlv.WindowDetector\Walterlv.WindowDetector.csproj", "{FED1FCFF-DFC3-48F4-934A-887B4B3DE506}"
EndProject
Global
	GlobalSection(SolutionConfigurationPlatforms) = preSolution
		Debug|Any CPU = Debug|Any CPU
		Release|Any CPU = Release|Any CPU
	EndGlobalSection
	GlobalSection(ProjectConfigurationPlatforms) = postSolution
		{FED1FCFF-DFC3-48F4-934A-887B4B3DE506}.Debug|Any CPU.ActiveCfg = Debug|Any CPU
		{FED1FCFF-DFC3-48F4-934A-887B4B3DE506}.Debug|Any CPU.Build.0 = Debug|Any CPU
		{FED1FCFF-DFC3-48F4-934A-887B4B3DE506}.Release|Any CPU.ActiveCfg = Release|Any CPU
		{FED1FCFF-DFC3-48F4-934A-887B4B3DE506}.Release|Any CPU.Build.0 = Release|Any CPU
	EndGlobalSection
	GlobalSection(SolutionProperties) = preSolution
		HideSolutionNode = FALSE
	EndGlobalSection
	GlobalSection(ExtensibilityGlobals) = postSolution
		SolutionGuid = {96BDEA4E-B1AA-47CB-9EE9-277C166F8619}
	EndGlobalSection
EndGlobal
