
Microsoft Visual Studio Solution File, Format Version 12.00
# Visual Studio Version 16
VisualStudioVersion = 16.0.29613.14
MinimumVisualStudioVersion = 10.0.40219.1
Project("{FAE04EC0-301F-11D3-BF4B-00C04F79EFBC}") = "ImageMetadata", "ImageMetadata\ImageMetadata.csproj", "{969A2860-EAD4-4032-8DDA-F484D1C120DC}"
EndProject
Global
	GlobalSection(SolutionConfigurationPlatforms) = preSolution
		Debug|Any CPU = Debug|Any CPU
		Release|Any CPU = Release|Any CPU
	EndGlobalSection
	GlobalSection(ProjectConfigurationPlatforms) = postSolution
		{969A2860-EAD4-4032-8DDA-F484D1C120DC}.Debug|Any CPU.ActiveCfg = Debug|Any CPU
		{969A2860-EAD4-4032-8DDA-F484D1C120DC}.Debug|Any CPU.Build.0 = Debug|Any CPU
		{969A2860-EAD4-4032-8DDA-F484D1C120DC}.Release|Any CPU.ActiveCfg = Release|Any CPU
		{969A2860-EAD4-4032-8DDA-F484D1C120DC}.Release|Any CPU.Build.0 = Release|Any CPU
	EndGlobalSection
	GlobalSection(SolutionProperties) = preSolution
		HideSolutionNode = FALSE
	EndGlobalSection
	GlobalSection(ExtensibilityGlobals) = postSolution
		SolutionGuid = {5C278D5E-77D0-42C7-888D-7DBB547406FF}
	EndGlobalSection
EndGlobal
