
Microsoft Visual Studio Solution File, Format Version 12.00
# Visual Studio Version 16
VisualStudioVersion = 16.0.29009.5
MinimumVisualStudioVersion = 10.0.40219.1
Project("{FAE04EC0-301F-11D3-BF4B-00C04F79EFBC}") = "Walterlv.CommandLineViewer", "Walterlv.CommandLineViewer\Walterlv.CommandLineViewer.csproj", "{8DF4E381-33D4-4C6E-A1B7-514F565A51F7}"
EndProject
Global
	GlobalSection(SolutionConfigurationPlatforms) = preSolution
		Debug|Any CPU = Debug|Any CPU
		Release|Any CPU = Release|Any CPU
	EndGlobalSection
	GlobalSection(ProjectConfigurationPlatforms) = postSolution
		{8DF4E381-33D4-4C6E-A1B7-514F565A51F7}.Debug|Any CPU.ActiveCfg = Debug|Any CPU
		{8DF4E381-33D4-4C6E-A1B7-514F565A51F7}.Debug|Any CPU.Build.0 = Debug|Any CPU
		{8DF4E381-33D4-4C6E-A1B7-514F565A51F7}.Release|Any CPU.ActiveCfg = Release|Any CPU
		{8DF4E381-33D4-4C6E-A1B7-514F565A51F7}.Release|Any CPU.Build.0 = Release|Any CPU
	EndGlobalSection
	GlobalSection(SolutionProperties) = preSolution
		HideSolutionNode = FALSE
	EndGlobalSection
	GlobalSection(ExtensibilityGlobals) = postSolution
		SolutionGuid = {14CFD943-7CA8-4A37-B804-AB6A5CCCA6FB}
	EndGlobalSection
EndGlobal
