
Microsoft Visual Studio Solution File, Format Version 12.00
# Visual Studio Version 16
VisualStudioVersion = 16.0.28711.60
MinimumVisualStudioVersion = 10.0.40219.1
Project("{FAE04EC0-301F-11D3-BF4B-00C04F79EFBC}") = "Walterlv.FastStartup", "Walterlv.FastStartup\Walterlv.FastStartup.csproj", "{B8D3159B-E15F-4EF9-9BB8-0BED370063C8}"
EndProject
Global
	GlobalSection(SolutionConfigurationPlatforms) = preSolution
		Debug|Any CPU = Debug|Any CPU
		Release|Any CPU = Release|Any CPU
	EndGlobalSection
	GlobalSection(ProjectConfigurationPlatforms) = postSolution
		{B8D3159B-E15F-4EF9-9BB8-0BED370063C8}.Debug|Any CPU.ActiveCfg = Debug|Any CPU
		{B8D3159B-E15F-4EF9-9BB8-0BED370063C8}.Debug|Any CPU.Build.0 = Debug|Any CPU
		{B8D3159B-E15F-4EF9-9BB8-0BED370063C8}.Release|Any CPU.ActiveCfg = Release|Any CPU
		{B8D3159B-E15F-4EF9-9BB8-0BED370063C8}.Release|Any CPU.Build.0 = Release|Any CPU
	EndGlobalSection
	GlobalSection(SolutionProperties) = preSolution
		HideSolutionNode = FALSE
	EndGlobalSection
	GlobalSection(ExtensibilityGlobals) = postSolution
		SolutionGuid = {F83D83D6-6DB6-45C9-A1F9-E1D6E89E6E58}
	EndGlobalSection
EndGlobal
