
Microsoft Visual Studio Solution File, Format Version 12.00
# Visual Studio Version 16
VisualStudioVersion = 16.0.28803.352
MinimumVisualStudioVersion = 10.0.40219.1
Project("{FAE04EC0-301F-11D3-BF4B-00C04F79EFBC}") = "Walterlv.Demo.DefaultInterfaceMembers", "Walterlv.Demo.DefaultInterfaceMembers\Walterlv.Demo.DefaultInterfaceMembers.csproj", "{23D5B539-DBE7-4A0D-A513-1E982C8959D5}"
EndProject
Global
	GlobalSection(SolutionConfigurationPlatforms) = preSolution
		Debug|Any CPU = Debug|Any CPU
		Release|Any CPU = Release|Any CPU
	EndGlobalSection
	GlobalSection(ProjectConfigurationPlatforms) = postSolution
		{23D5B539-DBE7-4A0D-A513-1E982C8959D5}.Debug|Any CPU.ActiveCfg = Debug|Any CPU
		{23D5B539-DBE7-4A0D-A513-1E982C8959D5}.Debug|Any CPU.Build.0 = Debug|Any CPU
		{23D5B539-DBE7-4A0D-A513-1E982C8959D5}.Release|Any CPU.ActiveCfg = Release|Any CPU
		{23D5B539-DBE7-4A0D-A513-1E982C8959D5}.Release|Any CPU.Build.0 = Release|Any CPU
	EndGlobalSection
	GlobalSection(SolutionProperties) = preSolution
		HideSolutionNode = FALSE
	EndGlobalSection
	GlobalSection(ExtensibilityGlobals) = postSolution
		SolutionGuid = {C46C1037-9C22-4145-B77D-230107736904}
	EndGlobalSection
EndGlobal
