
Microsoft Visual Studio Solution File, Format Version 12.00
# Visual Studio 15
VisualStudioVersion = 15.0.28010.2050
MinimumVisualStudioVersion = 10.0.40219.1
Project("{FAE04EC0-301F-11D3-BF4B-00C04F79EFBC}") = "Walterlv.Demo.Detecting", "Walterlv.Demo.Detecting\Walterlv.Demo.Detecting.csproj", "{1734CF83-5BDB-4A81-A2D9-02FBB437551F}"
EndProject
Global
	GlobalSection(SolutionConfigurationPlatforms) = preSolution
		Debug|Any CPU = Debug|Any CPU
		Release|Any CPU = Release|Any CPU
	EndGlobalSection
	GlobalSection(ProjectConfigurationPlatforms) = postSolution
		{1734CF83-5BDB-4A81-A2D9-02FBB437551F}.Debug|Any CPU.ActiveCfg = Debug|Any CPU
		{1734CF83-5BDB-4A81-A2D9-02FBB437551F}.Debug|Any CPU.Build.0 = Debug|Any CPU
		{1734CF83-5BDB-4A81-A2D9-02FBB437551F}.Release|Any CPU.ActiveCfg = Release|Any CPU
		{1734CF83-5BDB-4A81-A2D9-02FBB437551F}.Release|Any CPU.Build.0 = Release|Any CPU
	EndGlobalSection
	GlobalSection(SolutionProperties) = preSolution
		HideSolutionNode = FALSE
	EndGlobalSection
	GlobalSection(ExtensibilityGlobals) = postSolution
		SolutionGuid = {49DEDCB4-2EE9-4973-B506-8324ECDA656F}
	EndGlobalSection
EndGlobal
