
Microsoft Visual Studio Solution File, Format Version 12.00
# Visual Studio 15
VisualStudioVersion = 15.0.27428.2037
MinimumVisualStudioVersion = 10.0.40219.1
Project("{FAE04EC0-301F-11D3-BF4B-00C04F79EFBC}") = "SemanticVersioning", "SemanticVersioning\SemanticVersioning.csproj", "{2D29539E-D9EA-4AE8-B566-89728CE07B22}"
EndProject
Global
	GlobalSection(SolutionConfigurationPlatforms) = preSolution
		Debug|Any CPU = Debug|Any CPU
		Release|Any CPU = Release|Any CPU
	EndGlobalSection
	GlobalSection(ProjectConfigurationPlatforms) = postSolution
		{2D29539E-D9EA-4AE8-B566-89728CE07B22}.Debug|Any CPU.ActiveCfg = Debug|Any CPU
		{2D29539E-D9EA-4AE8-B566-89728CE07B22}.Debug|Any CPU.Build.0 = Debug|Any CPU
		{2D29539E-D9EA-4AE8-B566-89728CE07B22}.Release|Any CPU.ActiveCfg = Release|Any CPU
		{2D29539E-D9EA-4AE8-B566-89728CE07B22}.Release|Any CPU.Build.0 = Release|Any CPU
	EndGlobalSection
	GlobalSection(SolutionProperties) = preSolution
		HideSolutionNode = FALSE
	EndGlobalSection
	GlobalSection(ExtensibilityGlobals) = postSolution
		SolutionGuid = {BAF17D72-A782-4407-B77D-C812275CD267}
	EndGlobalSection
EndGlobal
