
Microsoft Visual Studio Solution File, Format Version 12.00
# Visual Studio Version 16
VisualStudioVersion = 16.0.29025.244
MinimumVisualStudioVersion = 10.0.40219.1
Project("{FAE04EC0-301F-11D3-BF4B-00C04F79EFBC}") = "Walterlv.CSharpVersions", "Walterlv.CSharpVersions\Walterlv.CSharpVersions.csproj", "{681098F8-4DE7-4256-A374-D6C8E88977A0}"
EndProject
Global
	GlobalSection(SolutionConfigurationPlatforms) = preSolution
		Debug|Any CPU = Debug|Any CPU
		Release|Any CPU = Release|Any CPU
	EndGlobalSection
	GlobalSection(ProjectConfigurationPlatforms) = postSolution
		{681098F8-4DE7-4256-A374-D6C8E88977A0}.Debug|Any CPU.ActiveCfg = Debug|Any CPU
		{681098F8-4DE7-4256-A374-D6C8E88977A0}.Debug|Any CPU.Build.0 = Debug|Any CPU
		{681098F8-4DE7-4256-A374-D6C8E88977A0}.Release|Any CPU.ActiveCfg = Release|Any CPU
		{681098F8-4DE7-4256-A374-D6C8E88977A0}.Release|Any CPU.Build.0 = Release|Any CPU
	EndGlobalSection
	GlobalSection(SolutionProperties) = preSolution
		HideSolutionNode = FALSE
	EndGlobalSection
	GlobalSection(ExtensibilityGlobals) = postSolution
		SolutionGuid = {134448A0-A222-4275-9ADD-D61BA48D3A3B}
	EndGlobalSection
EndGlobal
