
Microsoft Visual Studio Solution File, Format Version 12.00
# Visual Studio Version 16
VisualStudioVersion = 16.0.28803.452
MinimumVisualStudioVersion = 10.0.40219.1
Project("{FAE04EC0-301F-11D3-BF4B-00C04F79EFBC}") = "Walterlv.Demo.AliveProcesses", "Walterlv.Demo.AliveProcesses\Walterlv.Demo.AliveProcesses.csproj", "{459AF567-D74D-411C-9123-5994779CE6D3}"
EndProject
Global
	GlobalSection(SolutionConfigurationPlatforms) = preSolution
		Debug|Any CPU = Debug|Any CPU
		Release|Any CPU = Release|Any CPU
	EndGlobalSection
	GlobalSection(ProjectConfigurationPlatforms) = postSolution
		{459AF567-D74D-411C-9123-5994779CE6D3}.Debug|Any CPU.ActiveCfg = Debug|Any CPU
		{459AF567-D74D-411C-9123-5994779CE6D3}.Debug|Any CPU.Build.0 = Debug|Any CPU
		{459AF567-D74D-411C-9123-5994779CE6D3}.Release|Any CPU.ActiveCfg = Release|Any CPU
		{459AF567-D74D-411C-9123-5994779CE6D3}.Release|Any CPU.Build.0 = Release|Any CPU
	EndGlobalSection
	GlobalSection(SolutionProperties) = preSolution
		HideSolutionNode = FALSE
	EndGlobalSection
	GlobalSection(ExtensibilityGlobals) = postSolution
		SolutionGuid = {F31F1BD0-8B38-4B56-9D8B-74920A2F54DA}
	EndGlobalSection
EndGlobal
