
Microsoft Visual Studio Solution File, Format Version 12.00
# Visual Studio Version 16
VisualStudioVersion = 16.0.29418.71
MinimumVisualStudioVersion = 10.0.40219.1
Project("{FAE04EC0-301F-11D3-BF4B-00C04F79EFBC}") = "Walterlv.Demo.WindowChrome", "Walterlv.Demo.WindowChrome\Walterlv.Demo.WindowChrome.csproj", "{F0B4EF44-3B20-416F-A989-78BD30810EBE}"
EndProject
Global
	GlobalSection(SolutionConfigurationPlatforms) = preSolution
		Debug|Any CPU = Debug|Any CPU
		Release|Any CPU = Release|Any CPU
	EndGlobalSection
	GlobalSection(ProjectConfigurationPlatforms) = postSolution
		{F0B4EF44-3B20-416F-A989-78BD30810EBE}.Debug|Any CPU.ActiveCfg = Debug|Any CPU
		{F0B4EF44-3B20-416F-A989-78BD30810EBE}.Debug|Any CPU.Build.0 = Debug|Any CPU
		{F0B4EF44-3B20-416F-A989-78BD30810EBE}.Release|Any CPU.ActiveCfg = Release|Any CPU
		{F0B4EF44-3B20-416F-A989-78BD30810EBE}.Release|Any CPU.Build.0 = Release|Any CPU
	EndGlobalSection
	GlobalSection(SolutionProperties) = preSolution
		HideSolutionNode = FALSE
	EndGlobalSection
	GlobalSection(ExtensibilityGlobals) = postSolution
		SolutionGuid = {E3F1C195-325D-4904-B4B1-7AD027A739CC}
	EndGlobalSection
EndGlobal
