
Microsoft Visual Studio Solution File, Format Version 12.00
# Visual Studio Version 16
VisualStudioVersion = 16.0.28721.148
MinimumVisualStudioVersion = 10.0.40219.1
Project("{9A19103F-16F7-4668-BE54-9A1E7A4F7556}") = "Walterlv.ThreadSwitchingTasks", "Walterlv.ThreadSwitchingTasks\Walterlv.ThreadSwitchingTasks.csproj", "{FF3631D0-E1D2-42CA-9E54-E30F15A0E67F}"
EndProject
Project("{FAE04EC0-301F-11D3-BF4B-00C04F79EFBC}") = "Walterlv.OtherDemo", "Walterlv.OtherDemo\Walterlv.OtherDemo.csproj", "{B9A35CEA-7DCC-4FB7-8B3E-88CAB24B27EE}"
EndProject
Global
	GlobalSection(SolutionConfigurationPlatforms) = preSolution
		Debug|Any CPU = Debug|Any CPU
		Release|Any CPU = Release|Any CPU
	EndGlobalSection
	GlobalSection(ProjectConfigurationPlatforms) = postSolution
		{FF3631D0-E1D2-42CA-9E54-E30F15A0E67F}.Debug|Any CPU.ActiveCfg = Debug|Any CPU
		{FF3631D0-E1D2-42CA-9E54-E30F15A0E67F}.Debug|Any CPU.Build.0 = Debug|Any CPU
		{FF3631D0-E1D2-42CA-9E54-E30F15A0E67F}.Release|Any CPU.ActiveCfg = Release|Any CPU
		{FF3631D0-E1D2-42CA-9E54-E30F15A0E67F}.Release|Any CPU.Build.0 = Release|Any CPU
		{B9A35CEA-7DCC-4FB7-8B3E-88CAB24B27EE}.Debug|Any CPU.ActiveCfg = Debug|Any CPU
		{B9A35CEA-7DCC-4FB7-8B3E-88CAB24B27EE}.Debug|Any CPU.Build.0 = Debug|Any CPU
		{B9A35CEA-7DCC-4FB7-8B3E-88CAB24B27EE}.Release|Any CPU.ActiveCfg = Release|Any CPU
		{B9A35CEA-7DCC-4FB7-8B3E-88CAB24B27EE}.Release|Any CPU.Build.0 = Release|Any CPU
	EndGlobalSection
	GlobalSection(SolutionProperties) = preSolution
		HideSolutionNode = FALSE
	EndGlobalSection
	GlobalSection(ExtensibilityGlobals) = postSolution
		SolutionGuid = {5A97D2C1-6694-4398-9B76-92DB97307C6E}
	EndGlobalSection
EndGlobal
