
Microsoft Visual Studio Solution File, Format Version 12.00
# Visual Studio Version 16
VisualStudioVersion = 16.0.29102.190
MinimumVisualStudioVersion = 10.0.40219.1
Project("{FAE04EC0-301F-11D3-BF4B-00C04F79EFBC}") = "Walterlv.Demo.Emiting", "Walterlv.Demo.Emiting\Walterlv.Demo.Emiting.csproj", "{E2724392-5B6F-4024-8EF0-9627D183F186}"
EndProject
Global
	GlobalSection(SolutionConfigurationPlatforms) = preSolution
		Debug|Any CPU = Debug|Any CPU
		Release|Any CPU = Release|Any CPU
	EndGlobalSection
	GlobalSection(ProjectConfigurationPlatforms) = postSolution
		{E2724392-5B6F-4024-8EF0-9627D183F186}.Debug|Any CPU.ActiveCfg = Debug|Any CPU
		{E2724392-5B6F-4024-8EF0-9627D183F186}.Debug|Any CPU.Build.0 = Debug|Any CPU
		{E2724392-5B6F-4024-8EF0-9627D183F186}.Release|Any CPU.ActiveCfg = Release|Any CPU
		{E2724392-5B6F-4024-8EF0-9627D183F186}.Release|Any CPU.Build.0 = Release|Any CPU
	EndGlobalSection
	GlobalSection(SolutionProperties) = preSolution
		HideSolutionNode = FALSE
	EndGlobalSection
	GlobalSection(ExtensibilityGlobals) = postSolution
		SolutionGuid = {CFED8DB3-B2EF-4D7E-86F1-EAF9DF2729B3}
	EndGlobalSection
EndGlobal
