
Microsoft Visual Studio Solution File, Format Version 12.00
# Visual Studio 15
VisualStudioVersion = 15.0.28307.168
MinimumVisualStudioVersion = 10.0.40219.1
Project("{FAE04EC0-301F-11D3-BF4B-00C04F79EFBC}") = "Walterlv.Slack.Bot", "Walterlv.Slack.Bot\Walterlv.Slack.Bot.csproj", "{19E6B1F1-3506-4F73-80EF-9A55963882E0}"
EndProject
Global
	GlobalSection(SolutionConfigurationPlatforms) = preSolution
		Debug|Any CPU = Debug|Any CPU
		Release|Any CPU = Release|Any CPU
	EndGlobalSection
	GlobalSection(ProjectConfigurationPlatforms) = postSolution
		{19E6B1F1-3506-4F73-80EF-9A55963882E0}.Debug|Any CPU.ActiveCfg = Debug|Any CPU
		{19E6B1F1-3506-4F73-80EF-9A55963882E0}.Debug|Any CPU.Build.0 = Debug|Any CPU
		{19E6B1F1-3506-4F73-80EF-9A55963882E0}.Release|Any CPU.ActiveCfg = Release|Any CPU
		{19E6B1F1-3506-4F73-80EF-9A55963882E0}.Release|Any CPU.Build.0 = Release|Any CPU
	EndGlobalSection
	GlobalSection(SolutionProperties) = preSolution
		HideSolutionNode = FALSE
	EndGlobalSection
	GlobalSection(ExtensibilityGlobals) = postSolution
		SolutionGuid = {51D3DB5A-9B25-49F2-9CE3-E6496003033A}
	EndGlobalSection
EndGlobal
